// !$*UTF8*$!
{
	archiveVersion = 1;
	classes = {
	};
	objectVersion = 50;
	objects = {

/* Begin PBXBuildFile section */
		9B75C6B920C65F1F00F70DA6 /* AppDelegate.swift in Sources */ = {isa = PBXBuildFile; fileRef = 9B75C6B820C65F1F00F70DA6 /* AppDelegate.swift */; };
		9B75C6BB20C65F1F00F70DA6 /* ViewController.swift in Sources */ = {isa = PBXBuildFile; fileRef = 9B75C6BA20C65F1F00F70DA6 /* ViewController.swift */; };
		9B75C6BE20C65F1F00F70DA6 /* Main.storyboard in Resources */ = {isa = PBXBuildFile; fileRef = 9B75C6BC20C65F1F00F70DA6 /* Main.storyboard */; };
		9B75C6C020C65F2100F70DA6 /* Assets.xcassets in Resources */ = {isa = PBXBuildFile; fileRef = 9B75C6BF20C65F2100F70DA6 /* Assets.xcassets */; };
		9B75C6C320C65F2100F70DA6 /* LaunchScreen.storyboard in Resources */ = {isa = PBXBuildFile; fileRef = 9B75C6C120C65F2100F70DA6 /* LaunchScreen.storyboard */; };
		9B75C6CE20C65F2200F70DA6 /* Xcode10_DemoTests.swift in Sources */ = {isa = PBXBuildFile; fileRef = 9B75C6CD20C65F2200F70DA6 /* Xcode10_DemoTests.swift */; };
		9B75C6D920C65F2200F70DA6 /* UITest0.swift in Sources */ = {isa = PBXBuildFile; fileRef = 9B75C6D820C65F2200F70DA6 /* UITest0.swift */; };
		9BD1B5D420C703F600C55909 /* UITest1.swift in Sources */ = {isa = PBXBuildFile; fileRef = 9BD1B5D320C703F600C55909 /* UITest1.swift */; };
		9BD1B5D620C7048000C55909 /* UITest2.swift in Sources */ = {isa = PBXBuildFile; fileRef = 9BD1B5D520C7048000C55909 /* UITest2.swift */; };
		9BD1B5D820C7048D00C55909 /* UITest3.swift in Sources */ = {isa = PBXBuildFile; fileRef = 9BD1B5D720C7048D00C55909 /* UITest3.swift */; };
		9BD1B5DA20C7049A00C55909 /* UITest4.swift in Sources */ = {isa = PBXBuildFile; fileRef = 9BD1B5D920C7049A00C55909 /* UITest4.swift */; };
		9BD1B5DC20C704AC00C55909 /* UITest5.swift in Sources */ = {isa = PBXBuildFile; fileRef = 9BD1B5DB20C704AC00C55909 /* UITest5.swift */; };
		9BD1B5DE20C704BE00C55909 /* UITest6.swift in Sources */ = {isa = PBXBuildFile; fileRef = 9BD1B5DD20C704BE00C55909 /* UITest6.swift */; };
		9BD1B5E020C704CD00C55909 /* UITest7.swift in Sources */ = {isa = PBXBuildFile; fileRef = 9BD1B5DF20C704CD00C55909 /* UITest7.swift */; };
/* End PBXBuildFile section */

/* Begin PBXContainerItemProxy section */
		9B75C6CA20C65F2200F70DA6 /* PBXContainerItemProxy */ = {
			isa = PBXContainerItemProxy;
			containerPortal = 9B75C6AD20C65F1F00F70DA6 /* Project object */;
			proxyType = 1;
			remoteGlobalIDString = 9B75C6B420C65F1F00F70DA6;
			remoteInfo = "Xcode10-Demo";
		};
		9B75C6D520C65F2200F70DA6 /* PBXContainerItemProxy */ = {
			isa = PBXContainerItemProxy;
			containerPortal = 9B75C6AD20C65F1F00F70DA6 /* Project object */;
			proxyType = 1;
			remoteGlobalIDString = 9B75C6B420C65F1F00F70DA6;
			remoteInfo = "Xcode10-Demo";
		};
/* End PBXContainerItemProxy section */

/* Begin PBXFileReference section */
		9B75C6B520C65F1F00F70DA6 /* Xcode10-Demo.app */ = {isa = PBXFileReference; explicitFileType = wrapper.application; includeInIndex = 0; path = "Xcode10-Demo.app"; sourceTree = BUILT_PRODUCTS_DIR; };
		9B75C6B820C65F1F00F70DA6 /* AppDelegate.swift */ = {isa = PBXFileReference; lastKnownFileType = sourcecode.swift; path = AppDelegate.swift; sourceTree = "<group>"; };
		9B75C6BA20C65F1F00F70DA6 /* ViewController.swift */ = {isa = PBXFileReference; lastKnownFileType = sourcecode.swift; path = ViewController.swift; sourceTree = "<group>"; };
		9B75C6BD20C65F1F00F70DA6 /* Base */ = {isa = PBXFileReference; lastKnownFileType = file.storyboard; name = Base; path = Base.lproj/Main.storyboard; sourceTree = "<group>"; };
		9B75C6BF20C65F2100F70DA6 /* Assets.xcassets */ = {isa = PBXFileReference; lastKnownFileType = folder.assetcatalog; path = Assets.xcassets; sourceTree = "<group>"; };
		9B75C6C220C65F2100F70DA6 /* Base */ = {isa = PBXFileReference; lastKnownFileType = file.storyboard; name = Base; path = Base.lproj/LaunchScreen.storyboard; sourceTree = "<group>"; };
		9B75C6C420C65F2100F70DA6 /* Info.plist */ = {isa = PBXFileReference; lastKnownFileType = text.plist.xml; path = Info.plist; sourceTree = "<group>"; };
		9B75C6C920C65F2200F70DA6 /* Xcode10-DemoTests.xctest */ = {isa = PBXFileReference; explicitFileType = wrapper.cfbundle; includeInIndex = 0; path = "Xcode10-DemoTests.xctest"; sourceTree = BUILT_PRODUCTS_DIR; };
		9B75C6CD20C65F2200F70DA6 /* Xcode10_DemoTests.swift */ = {isa = PBXFileReference; lastKnownFileType = sourcecode.swift; path = Xcode10_DemoTests.swift; sourceTree = "<group>"; };
		9B75C6CF20C65F2200F70DA6 /* Info.plist */ = {isa = PBXFileReference; lastKnownFileType = text.plist.xml; path = Info.plist; sourceTree = "<group>"; };
		9B75C6D420C65F2200F70DA6 /* Xcode10-DemoUITests.xctest */ = {isa = PBXFileReference; explicitFileType = wrapper.cfbundle; includeInIndex = 0; path = "Xcode10-DemoUITests.xctest"; sourceTree = BUILT_PRODUCTS_DIR; };
		9B75C6D820C65F2200F70DA6 /* UITest0.swift */ = {isa = PBXFileReference; lastKnownFileType = sourcecode.swift; path = UITest0.swift; sourceTree = "<group>"; };
		9B75C6DA20C65F2200F70DA6 /* Info.plist */ = {isa = PBXFileReference; lastKnownFileType = text.plist.xml; path = Info.plist; sourceTree = "<group>"; };
		9BD1B5D320C703F600C55909 /* UITest1.swift */ = {isa = PBXFileReference; lastKnownFileType = sourcecode.swift; path = UITest1.swift; sourceTree = "<group>"; };
		9BD1B5D520C7048000C55909 /* UITest2.swift */ = {isa = PBXFileReference; lastKnownFileType = sourcecode.swift; path = UITest2.swift; sourceTree = "<group>"; };
		9BD1B5D720C7048D00C55909 /* UITest3.swift */ = {isa = PBXFileReference; lastKnownFileType = sourcecode.swift; path = UITest3.swift; sourceTree = "<group>"; };
		9BD1B5D920C7049A00C55909 /* UITest4.swift */ = {isa = PBXFileReference; lastKnownFileType = sourcecode.swift; path = UITest4.swift; sourceTree = "<group>"; };
		9BD1B5DB20C704AC00C55909 /* UITest5.swift */ = {isa = PBXFileReference; lastKnownFileType = sourcecode.swift; path = UITest5.swift; sourceTree = "<group>"; };
		9BD1B5DD20C704BE00C55909 /* UITest6.swift */ = {isa = PBXFileReference; lastKnownFileType = sourcecode.swift; path = UITest6.swift; sourceTree = "<group>"; };
		9BD1B5DF20C704CD00C55909 /* UITest7.swift */ = {isa = PBXFileReference; lastKnownFileType = sourcecode.swift; path = UITest7.swift; sourceTree = "<group>"; };
/* End PBXFileReference section */

/* Begin PBXFrameworksBuildPhase section */
		9B75C6B220C65F1F00F70DA6 /* Frameworks */ = {
			isa = PBXFrameworksBuildPhase;
			buildActionMask = 2147483647;
			files = (
			);
			runOnlyForDeploymentPostprocessing = 0;
		};
		9B75C6C620C65F2200F70DA6 /* Frameworks */ = {
			isa = PBXFrameworksBuildPhase;
			buildActionMask = 2147483647;
			files = (
			);
			runOnlyForDeploymentPostprocessing = 0;
		};
		9B75C6D120C65F2200F70DA6 /* Frameworks */ = {
			isa = PBXFrameworksBuildPhase;
			buildActionMask = 2147483647;
			files = (
			);
			runOnlyForDeploymentPostprocessing = 0;
		};
/* End PBXFrameworksBuildPhase section */

/* Begin PBXGroup section */
		9B75C6AC20C65F1F00F70DA6 = {
			isa = PBXGroup;
			children = (
				9B75C6B720C65F1F00F70DA6 /* Xcode10-Demo */,
				9B75C6CC20C65F2200F70DA6 /* Xcode10-DemoTests */,
				9B75C6D720C65F2200F70DA6 /* Xcode10-DemoUITests */,
				9B75C6B620C65F1F00F70DA6 /* Products */,
			);
			sourceTree = "<group>";
		};
		9B75C6B620C65F1F00F70DA6 /* Products */ = {
			isa = PBXGroup;
			children = (
				9B75C6B520C65F1F00F70DA6 /* Xcode10-Demo.app */,
				9B75C6C920C65F2200F70DA6 /* Xcode10-DemoTests.xctest */,
				9B75C6D420C65F2200F70DA6 /* Xcode10-DemoUITests.xctest */,
			);
			name = Products;
			sourceTree = "<group>";
		};
		9B75C6B720C65F1F00F70DA6 /* Xcode10-Demo */ = {
			isa = PBXGroup;
			children = (
				9B75C6B820C65F1F00F70DA6 /* AppDelegate.swift */,
				9B75C6BA20C65F1F00F70DA6 /* ViewController.swift */,
				9B75C6BC20C65F1F00F70DA6 /* Main.storyboard */,
				9B75C6BF20C65F2100F70DA6 /* Assets.xcassets */,
				9B75C6C120C65F2100F70DA6 /* LaunchScreen.storyboard */,
				9B75C6C420C65F2100F70DA6 /* Info.plist */,
			);
			path = "Xcode10-Demo";
			sourceTree = "<group>";
		};
		9B75C6CC20C65F2200F70DA6 /* Xcode10-DemoTests */ = {
			isa = PBXGroup;
			children = (
				9B75C6CD20C65F2200F70DA6 /* Xcode10_DemoTests.swift */,
				9B75C6CF20C65F2200F70DA6 /* Info.plist */,
			);
			path = "Xcode10-DemoTests";
			sourceTree = "<group>";
		};
		9B75C6D720C65F2200F70DA6 /* Xcode10-DemoUITests */ = {
			isa = PBXGroup;
			children = (
				9B75C6D820C65F2200F70DA6 /* UITest0.swift */,
				9B75C6DA20C65F2200F70DA6 /* Info.plist */,
				9BD1B5D320C703F600C55909 /* UITest1.swift */,
				9BD1B5D520C7048000C55909 /* UITest2.swift */,
				9BD1B5D720C7048D00C55909 /* UITest3.swift */,
				9BD1B5D920C7049A00C55909 /* UITest4.swift */,
				9BD1B5DB20C704AC00C55909 /* UITest5.swift */,
				9BD1B5DD20C704BE00C55909 /* UITest6.swift */,
				9BD1B5DF20C704CD00C55909 /* UITest7.swift */,
			);
			path = "Xcode10-DemoUITests";
			sourceTree = "<group>";
		};
/* End PBXGroup section */

/* Begin PBXNativeTarget section */
		9B75C6B420C65F1F00F70DA6 /* Xcode10-Demo */ = {
			isa = PBXNativeTarget;
			buildConfigurationList = 9B75C6DD20C65F2200F70DA6 /* Build configuration list for PBXNativeTarget "Xcode10-Demo" */;
			buildPhases = (
				9B75C6B120C65F1F00F70DA6 /* Sources */,
				9B75C6B220C65F1F00F70DA6 /* Frameworks */,
				9B75C6B320C65F1F00F70DA6 /* Resources */,
			);
			buildRules = (
			);
			dependencies = (
			);
			name = "Xcode10-Demo";
			productName = "Xcode10-Demo";
			productReference = 9B75C6B520C65F1F00F70DA6 /* Xcode10-Demo.app */;
			productType = "com.apple.product-type.application";
		};
		9B75C6C820C65F2200F70DA6 /* Xcode10-DemoTests */ = {
			isa = PBXNativeTarget;
			buildConfigurationList = 9B75C6E020C65F2200F70DA6 /* Build configuration list for PBXNativeTarget "Xcode10-DemoTests" */;
			buildPhases = (
				9B75C6C520C65F2200F70DA6 /* Sources */,
				9B75C6C620C65F2200F70DA6 /* Frameworks */,
				9B75C6C720C65F2200F70DA6 /* Resources */,
			);
			buildRules = (
			);
			dependencies = (
				9B75C6CB20C65F2200F70DA6 /* PBXTargetDependency */,
			);
			name = "Xcode10-DemoTests";
			productName = "Xcode10-DemoTests";
			productReference = 9B75C6C920C65F2200F70DA6 /* Xcode10-DemoTests.xctest */;
			productType = "com.apple.product-type.bundle.unit-test";
		};
		9B75C6D320C65F2200F70DA6 /* Xcode10-DemoUITests */ = {
			isa = PBXNativeTarget;
			buildConfigurationList = 9B75C6E320C65F2200F70DA6 /* Build configuration list for PBXNativeTarget "Xcode10-DemoUITests" */;
			buildPhases = (
				9B75C6D020C65F2200F70DA6 /* Sources */,
				9B75C6D120C65F2200F70DA6 /* Frameworks */,
				9B75C6D220C65F2200F70DA6 /* Resources */,
			);
			buildRules = (
			);
			dependencies = (
				9B75C6D620C65F2200F70DA6 /* PBXTargetDependency */,
			);
			name = "Xcode10-DemoUITests";
			productName = "Xcode10-DemoUITests";
			productReference = 9B75C6D420C65F2200F70DA6 /* Xcode10-DemoUITests.xctest */;
			productType = "com.apple.product-type.bundle.ui-testing";
		};
/* End PBXNativeTarget section */

/* Begin PBXProject section */
		9B75C6AD20C65F1F00F70DA6 /* Project object */ = {
			isa = PBXProject;
			attributes = {
				LastSwiftUpdateCheck = 1000;
				LastUpgradeCheck = 1000;
				ORGANIZATIONNAME = "Shashikant Jagtap";
				TargetAttributes = {
					9B75C6B420C65F1F00F70DA6 = {
						CreatedOnToolsVersion = 10.0;
					};
					9B75C6C820C65F2200F70DA6 = {
						CreatedOnToolsVersion = 10.0;
						TestTargetID = 9B75C6B420C65F1F00F70DA6;
					};
					9B75C6D320C65F2200F70DA6 = {
						CreatedOnToolsVersion = 10.0;
						TestTargetID = 9B75C6B420C65F1F00F70DA6;
					};
				};
			};
			buildConfigurationList = 9B75C6B020C65F1F00F70DA6 /* Build configuration list for PBXProject "Xcode10-Demo" */;
			compatibilityVersion = "Xcode 9.3";
			developmentRegion = en;
			hasScannedForEncodings = 0;
			knownRegions = (
				en,
				Base,
			);
			mainGroup = 9B75C6AC20C65F1F00F70DA6;
			productRefGroup = 9B75C6B620C65F1F00F70DA6 /* Products */;
			projectDirPath = "";
			projectRoot = "";
			targets = (
				9B75C6B420C65F1F00F70DA6 /* Xcode10-Demo */,
				9B75C6C820C65F2200F70DA6 /* Xcode10-DemoTests */,
				9B75C6D320C65F2200F70DA6 /* Xcode10-DemoUITests */,
			);
		};
/* End PBXProject section */

/* Begin PBXResourcesBuildPhase section */
		9B75C6B320C65F1F00F70DA6 /* Resources */ = {
			isa = PBXResourcesBuildPhase;
			buildActionMask = 2147483647;
			files = (
				9B75C6C320C65F2100F70DA6 /* LaunchScreen.storyboard in Resources */,
				9B75C6C020C65F2100F70DA6 /* Assets.xcassets in Resources */,
				9B75C6BE20C65F1F00F70DA6 /* Main.storyboard in Resources */,
			);
			runOnlyForDeploymentPostprocessing = 0;
		};
		9B75C6C720C65F2200F70DA6 /* Resources */ = {
			isa = PBXResourcesBuildPhase;
			buildActionMask = 2147483647;
			files = (
			);
			runOnlyForDeploymentPostprocessing = 0;
		};
		9B75C6D220C65F2200F70DA6 /* Resources */ = {
			isa = PBXResourcesBuildPhase;
			buildActionMask = 2147483647;
			files = (
			);
			runOnlyForDeploymentPostprocessing = 0;
		};
/* End PBXResourcesBuildPhase section */

/* Begin PBXSourcesBuildPhase section */
		9B75C6B120C65F1F00F70DA6 /* Sources */ = {
			isa = PBXSourcesBuildPhase;
			buildActionMask = 2147483647;
			files = (
				9B75C6BB20C65F1F00F70DA6 /* ViewController.swift in Sources */,
				9B75C6B920C65F1F00F70DA6 /* AppDelegate.swift in Sources */,
			);
			runOnlyForDeploymentPostprocessing = 0;
		};
		9B75C6C520C65F2200F70DA6 /* Sources */ = {
			isa = PBXSourcesBuildPhase;
			buildActionMask = 2147483647;
			files = (
				9B75C6CE20C65F2200F70DA6 /* Xcode10_DemoTests.swift in Sources */,
			);
			runOnlyForDeploymentPostprocessing = 0;
		};
		9B75C6D020C65F2200F70DA6 /* Sources */ = {
			isa = PBXSourcesBuildPhase;
			buildActionMask = 2147483647;
			files = (
				9B75C6D920C65F2200F70DA6 /* UITest0.swift in Sources */,
				9BD1B5DC20C704AC00C55909 /* UITest5.swift in Sources */,
				9BD1B5DA20C7049A00C55909 /* UITest4.swift in Sources */,
				9BD1B5D820C7048D00C55909 /* UITest3.swift in Sources */,
				9BD1B5D620C7048000C55909 /* UITest2.swift in Sources */,
				9BD1B5E020C704CD00C55909 /* UITest7.swift in Sources */,
				9BD1B5D420C703F600C55909 /* UITest1.swift in Sources */,
				9BD1B5DE20C704BE00C55909 /* UITest6.swift in Sources */,
			);
			runOnlyForDeploymentPostprocessing = 0;
		};
/* End PBXSourcesBuildPhase section */

/* Begin PBXTargetDependency section */
		9B75C6CB20C65F2200F70DA6 /* PBXTargetDependency */ = {
			isa = PBXTargetDependency;
			target = 9B75C6B420C65F1F00F70DA6 /* Xcode10-Demo */;
			targetProxy = 9B75C6CA20C65F2200F70DA6 /* PBXContainerItemProxy */;
		};
		9B75C6D620C65F2200F70DA6 /* PBXTargetDependency */ = {
			isa = PBXTargetDependency;
			target = 9B75C6B420C65F1F00F70DA6 /* Xcode10-Demo */;
			targetProxy = 9B75C6D520C65F2200F70DA6 /* PBXContainerItemProxy */;
		};
/* End PBXTargetDependency section */

/* Begin PBXVariantGroup section */
		9B75C6BC20C65F1F00F70DA6 /* Main.storyboard */ = {
			isa = PBXVariantGroup;
			children = (
				9B75C6BD20C65F1F00F70DA6 /* Base */,
			);
			name = Main.storyboard;
			sourceTree = "<group>";
		};
		9B75C6C120C65F2100F70DA6 /* LaunchScreen.storyboard */ = {
			isa = PBXVariantGroup;
			children = (
				9B75C6C220C65F2100F70DA6 /* Base */,
			);
			name = LaunchScreen.storyboard;
			sourceTree = "<group>";
		};
/* End PBXVariantGroup section */

/* Begin XCBuildConfiguration section */
		9B75C6DB20C65F2200F70DA6 /* Debug */ = {
			isa = XCBuildConfiguration;
			buildSettings = {
				ALWAYS_SEARCH_USER_PATHS = NO;
				CLANG_ANALYZER_NONNULL = YES;
				CLANG_ANALYZER_NUMBER_OBJECT_CONVERSION = YES_AGGRESSIVE;
				CLANG_CXX_LANGUAGE_STANDARD = "gnu++14";
				CLANG_CXX_LIBRARY = "libc++";
				CLANG_ENABLE_MODULES = YES;
				CLANG_ENABLE_OBJC_ARC = YES;
				CLANG_ENABLE_OBJC_WEAK = YES;
				CLANG_WARN_BLOCK_CAPTURE_AUTORELEASING = YES;
				CLANG_WARN_BOOL_CONVERSION = YES;
				CLANG_WARN_COMMA = YES;
				CLANG_WARN_CONSTANT_CONVERSION = YES;
				CLANG_WARN_DEPRECATED_OBJC_IMPLEMENTATIONS = YES;
				CLANG_WARN_DIRECT_OBJC_ISA_USAGE = YES_ERROR;
				CLANG_WARN_DOCUMENTATION_COMMENTS = YES;
				CLANG_WARN_EMPTY_BODY = YES;
				CLANG_WARN_ENUM_CONVERSION = YES;
				CLANG_WARN_INFINITE_RECURSION = YES;
				CLANG_WARN_INT_CONVERSION = YES;
				CLANG_WARN_NON_LITERAL_NULL_CONVERSION = YES;
				CLANG_WARN_OBJC_IMPLICIT_RETAIN_SELF = YES;
				CLANG_WARN_OBJC_LITERAL_CONVERSION = YES;
				CLANG_WARN_OBJC_ROOT_CLASS = YES_ERROR;
				CLANG_WARN_RANGE_LOOP_ANALYSIS = YES;
				CLANG_WARN_STRICT_PROTOTYPES = YES;
				CLANG_WARN_SUSPICIOUS_MOVE = YES;
				CLANG_WARN_UNGUARDED_AVAILABILITY = YES_AGGRESSIVE;
				CLANG_WARN_UNREACHABLE_CODE = YES;
				CLANG_WARN__DUPLICATE_METHOD_MATCH = YES;
				CODE_SIGN_IDENTITY = "iPhone Developer";
				COPY_PHASE_STRIP = NO;
				DEBUG_INFORMATION_FORMAT = dwarf;
				ENABLE_STRICT_OBJC_MSGSEND = YES;
				ENABLE_TESTABILITY = YES;
				GCC_C_LANGUAGE_STANDARD = gnu11;
				GCC_DYNAMIC_NO_PIC = NO;
				GCC_NO_COMMON_BLOCKS = YES;
				GCC_OPTIMIZATION_LEVEL = 0;
				GCC_PREPROCESSOR_DEFINITIONS = (
					"DEBUG=1",
					"$(inherited)",
				);
				GCC_WARN_64_TO_32_BIT_CONVERSION = YES;
				GCC_WARN_ABOUT_RETURN_TYPE = YES_ERROR;
				GCC_WARN_UNDECLARED_SELECTOR = YES;
				GCC_WARN_UNINITIALIZED_AUTOS = YES_AGGRESSIVE;
				GCC_WARN_UNUSED_FUNCTION = YES;
				GCC_WARN_UNUSED_VARIABLE = YES;
				IPHONEOS_DEPLOYMENT_TARGET = 12.0;
				MTL_ENABLE_DEBUG_INFO = INCLUDE_SOURCE;
				ONLY_ACTIVE_ARCH = YES;
				SDKROOT = iphoneos;
				SWIFT_ACTIVE_COMPILATION_CONDITIONS = DEBUG;
				SWIFT_OPTIMIZATION_LEVEL = "-Onone";
			};
			name = Debug;
		};
		9B75C6DC20C65F2200F70DA6 /* Release */ = {
			isa = XCBuildConfiguration;
			buildSettings = {
				ALWAYS_SEARCH_USER_PATHS = NO;
				CLANG_ANALYZER_NONNULL = YES;
				CLANG_ANALYZER_NUMBER_OBJECT_CONVERSION = YES_AGGRESSIVE;
				CLANG_CXX_LANGUAGE_STANDARD = "gnu++14";
				CLANG_CXX_LIBRARY = "libc++";
				CLANG_ENABLE_MODULES = YES;
				CLANG_ENABLE_OBJC_ARC = YES;
				CLANG_ENABLE_OBJC_WEAK = YES;
				CLANG_WARN_BLOCK_CAPTURE_AUTORELEASING = YES;
				CLANG_WARN_BOOL_CONVERSION = YES;
				CLANG_WARN_COMMA = YES;
				CLANG_WARN_CONSTANT_CONVERSION = YES;
				CLANG_WARN_DEPRECATED_OBJC_IMPLEMENTATIONS = YES;
				CLANG_WARN_DIRECT_OBJC_ISA_USAGE = YES_ERROR;
				CLANG_WARN_DOCUMENTATION_COMMENTS = YES;
				CLANG_WARN_EMPTY_BODY = YES;
				CLANG_WARN_ENUM_CONVERSION = YES;
				CLANG_WARN_INFINITE_RECURSION = YES;
				CLANG_WARN_INT_CONVERSION = YES;
				CLANG_WARN_NON_LITERAL_NULL_CONVERSION = YES;
				CLANG_WARN_OBJC_IMPLICIT_RETAIN_SELF = YES;
				CLANG_WARN_OBJC_LITERAL_CONVERSION = YES;
				CLANG_WARN_OBJC_ROOT_CLASS = YES_ERROR;
				CLANG_WARN_RANGE_LOOP_ANALYSIS = YES;
				CLANG_WARN_STRICT_PROTOTYPES = YES;
				CLANG_WARN_SUSPICIOUS_MOVE = YES;
				CLANG_WARN_UNGUARDED_AVAILABILITY = YES_AGGRESSIVE;
				CLANG_WARN_UNREACHABLE_CODE = YES;
				CLANG_WARN__DUPLICATE_METHOD_MATCH = YES;
				CODE_SIGN_IDENTITY = "iPhone Developer";
				COPY_PHASE_STRIP = NO;
				DEBUG_INFORMATION_FORMAT = "dwarf-with-dsym";
				ENABLE_NS_ASSERTIONS = NO;
				ENABLE_STRICT_OBJC_MSGSEND = YES;
				GCC_C_LANGUAGE_STANDARD = gnu11;
				GCC_NO_COMMON_BLOCKS = YES;
				GCC_WARN_64_TO_32_BIT_CONVERSION = YES;
				GCC_WARN_ABOUT_RETURN_TYPE = YES_ERROR;
				GCC_WARN_UNDECLARED_SELECTOR = YES;
				GCC_WARN_UNINITIALIZED_AUTOS = YES_AGGRESSIVE;
				GCC_WARN_UNUSED_FUNCTION = YES;
				GCC_WARN_UNUSED_VARIABLE = YES;
				IPHONEOS_DEPLOYMENT_TARGET = 12.0;
				MTL_ENABLE_DEBUG_INFO = NO;
				SDKROOT = iphoneos;
				SWIFT_COMPILATION_MODE = wholemodule;
				SWIFT_OPTIMIZATION_LEVEL = "-O";
				VALIDATE_PRODUCT = YES;
			};
			name = Release;
		};
		9B75C6DE20C65F2200F70DA6 /* Debug */ = {
			isa = XCBuildConfiguration;
			buildSettings = {
				ASSETCATALOG_COMPILER_APPICON_NAME = AppIcon;
				CODE_SIGN_STYLE = Automatic;
				INFOPLIST_FILE = "Xcode10-Demo/Info.plist";
				LD_RUNPATH_SEARCH_PATHS = (
					"$(inherited)",
					"@executable_path/Frameworks",
				);
				PRODUCT_BUNDLE_IDENTIFIER = "com.app.Xcode10-Demo";
				PRODUCT_NAME = "$(TARGET_NAME)";
				SWIFT_VERSION = 4.2;
				TARGETED_DEVICE_FAMILY = "1,2";
			};
			name = Debug;
		};
		9B75C6DF20C65F2200F70DA6 /* Release */ = {
			isa = XCBuildConfiguration;
			buildSettings = {
				ASSETCATALOG_COMPILER_APPICON_NAME = AppIcon;
				CODE_SIGN_STYLE = Automatic;
				INFOPLIST_FILE = "Xcode10-Demo/Info.plist";
				LD_RUNPATH_SEARCH_PATHS = (
					"$(inherited)",
					"@executable_path/Frameworks",
				);
				PRODUCT_BUNDLE_IDENTIFIER = "com.app.Xcode10-Demo";
				PRODUCT_NAME = "$(TARGET_NAME)";
				SWIFT_VERSION = 4.2;
				TARGETED_DEVICE_FAMILY = "1,2";
			};
			name = Release;
		};
		9B75C6E120C65F2200F70DA6 /* Debug */ = {
			isa = XCBuildConfiguration;
			buildSettings = {
				ALWAYS_EMBED_SWIFT_STANDARD_LIBRARIES = YES;
				BUNDLE_LOADER = "$(TEST_HOST)";
				CODE_SIGN_STYLE = Automatic;
				INFOPLIST_FILE = "Xcode10-DemoTests/Info.plist";
				LD_RUNPATH_SEARCH_PATHS = (
					"$(inherited)",
					"@executable_path/Frameworks",
					"@loader_path/Frameworks",
				);
				PRODUCT_BUNDLE_IDENTIFIER = "com.app.Xcode10-DemoTests";
				PRODUCT_NAME = "$(TARGET_NAME)";
				SWIFT_VERSION = 4.2;
				TARGETED_DEVICE_FAMILY = "1,2";
				TEST_HOST = "$(BUILT_PRODUCTS_DIR)/Xcode10-Demo.app/Xcode10-Demo";
			};
			name = Debug;
		};
		9B75C6E220C65F2200F70DA6 /* Release */ = {
			isa = XCBuildConfiguration;
			buildSettings = {
				ALWAYS_EMBED_SWIFT_STANDARD_LIBRARIES = YES;
				BUNDLE_LOADER = "$(TEST_HOST)";
				CODE_SIGN_STYLE = Automatic;
				INFOPLIST_FILE = "Xcode10-DemoTests/Info.plist";
				LD_RUNPATH_SEARCH_PATHS = (
					"$(inherited)",
					"@executable_path/Frameworks",
					"@loader_path/Frameworks",
				);
				PRODUCT_BUNDLE_IDENTIFIER = "com.app.Xcode10-DemoTests";
				PRODUCT_NAME = "$(TARGET_NAME)";
				SWIFT_VERSION = 4.2;
				TARGETED_DEVICE_FAMILY = "1,2";
				TEST_HOST = "$(BUILT_PRODUCTS_DIR)/Xcode10-Demo.app/Xcode10-Demo";
			};
			name = Release;
		};
		9B75C6E420C65F2200F70DA6 /* Debug */ = {
			isa = XCBuildConfiguration;
			buildSettings = {
				ALWAYS_EMBED_SWIFT_STANDARD_LIBRARIES = YES;
				CODE_SIGN_STYLE = Automatic;
				INFOPLIST_FILE = "Xcode10-DemoUITests/Info.plist";
				LD_RUNPATH_SEARCH_PATHS = (
					"$(inherited)",
					"@executable_path/Frameworks",
					"@loader_path/Frameworks",
				);
				PRODUCT_BUNDLE_IDENTIFIER = "com.app.Xcode10-DemoUITests";
				PRODUCT_NAME = "$(TARGET_NAME)";
				SWIFT_VERSION = 4.2;
				TARGETED_DEVICE_FAMILY = "1,2";
				TEST_TARGET_NAME = "Xcode10-Demo";
			};
			name = Debug;
		};
		9B75C6E520C65F2200F70DA6 /* Release */ = {
			isa = XCBuildConfiguration;
			buildSettings = {
				ALWAYS_EMBED_SWIFT_STANDARD_LIBRARIES = YES;
				CODE_SIGN_STYLE = Automatic;
				INFOPLIST_FILE = "Xcode10-DemoUITests/Info.plist";
				LD_RUNPATH_SEARCH_PATHS = (
					"$(inherited)",
					"@executable_path/Frameworks",
					"@loader_path/Frameworks",
				);
				PRODUCT_BUNDLE_IDENTIFIER = "com.app.Xcode10-DemoUITests";
				PRODUCT_NAME = "$(TARGET_NAME)";
				SWIFT_VERSION = 4.2;
				TARGETED_DEVICE_FAMILY = "1,2";
				TEST_TARGET_NAME = "Xcode10-Demo";
			};
			name = Release;
		};
/* End XCBuildConfiguration section */

/* Begin XCConfigurationList section */
		9B75C6B020C65F1F00F70DA6 /* Build configuration list for PBXProject "Xcode10-Demo" */ = {
			isa = XCConfigurationList;
			buildConfigurations = (
				9B75C6DB20C65F2200F70DA6 /* Debug */,
				9B75C6DC20C65F2200F70DA6 /* Release */,
			);
			defaultConfigurationIsVisible = 0;
			defaultConfigurationName = Release;
		};
		9B75C6DD20C65F2200F70DA6 /* Build configuration list for PBXNativeTarget "Xcode10-Demo" */ = {
			isa = XCConfigurationList;
			buildConfigurations = (
				9B75C6DE20C65F2200F70DA6 /* Debug */,
				9B75C6DF20C65F2200F70DA6 /* Release */,
			);
			defaultConfigurationIsVisible = 0;
			defaultConfigurationName = Release;
		};
		9B75C6E020C65F2200F70DA6 /* Build configuration list for PBXNativeTarget "Xcode10-DemoTests" */ = {
			isa = XCConfigurationList;
			buildConfigurations = (
				9B75C6E120C65F2200F70DA6 /* Debug */,
				9B75C6E220C65F2200F70DA6 /* Release */,
			);
			defaultConfigurationIsVisible = 0;
			defaultConfigurationName = Release;
		};
		9B75C6E320C65F2200F70DA6 /* Build configuration list for PBXNativeTarget "Xcode10-DemoUITests" */ = {
			isa = XCConfigurationList;
			buildConfigurations = (
				9B75C6E420C65F2200F70DA6 /* Debug */,
				9B75C6E520C65F2200F70DA6 /* Release */,
			);
			defaultConfigurationIsVisible = 0;
			defaultConfigurationName = Release;
		};
/* End XCConfigurationList section */
	};
	rootObject = 9B75C6AD20C65F1F00F70DA6 /* Project object */;
}
